
Microsoft Visual Studio Solution File, Format Version 12.00
# Visual Studio Version 17
VisualStudioVersion = 17.10.35027.167
MinimumVisualStudioVersion = 10.0.40219.1
Project("{FAE04EC0-301F-11D3-BF4B-00C04F79EFBC}") = "prjBible", "prjBible\prjBible.csproj", "{35090166-2499-4689-BCE6-C3ADC057811D}"
EndProject
Project("{FAE04EC0-301F-11D3-BF4B-00C04F79EFBC}") = "TestBibleBooks", "TestBibleBooks\TestBibleBooks.csproj", "{8AB7ECF2-5B97-42DC-BC60-49D04FD62717}"
EndProject
Global
	GlobalSection(SolutionConfigurationPlatforms) = preSolution
		Debug|Any CPU = Debug|Any CPU
		Release|Any CPU = Release|Any CPU
	EndGlobalSection
	GlobalSection(ProjectConfigurationPlatforms) = postSolution
		{35090166-2499-4689-BCE6-C3ADC057811D}.Debug|Any CPU.ActiveCfg = Debug|Any CPU
		{35090166-2499-4689-BCE6-C3ADC057811D}.Debug|Any CPU.Build.0 = Debug|Any CPU
		{35090166-2499-4689-BCE6-C3ADC057811D}.Release|Any CPU.ActiveCfg = Release|Any CPU
		{35090166-2499-4689-BCE6-C3ADC057811D}.Release|Any CPU.Build.0 = Release|Any CPU
		{8AB7ECF2-5B97-42DC-BC60-49D04FD62717}.Debug|Any CPU.ActiveCfg = Debug|Any CPU
		{8AB7ECF2-5B97-42DC-BC60-49D04FD62717}.Debug|Any CPU.Build.0 = Debug|Any CPU
		{8AB7ECF2-5B97-42DC-BC60-49D04FD62717}.Release|Any CPU.ActiveCfg = Release|Any CPU
		{8AB7ECF2-5B97-42DC-BC60-49D04FD62717}.Release|Any CPU.Build.0 = Release|Any CPU
	EndGlobalSection
	GlobalSection(SolutionProperties) = preSolution
		HideSolutionNode = FALSE
	EndGlobalSection
	GlobalSection(ExtensibilityGlobals) = postSolution
		SolutionGuid = {D68799C6-11AB-4A0B-8071-BE47534CD8A1}
	EndGlobalSection
EndGlobal
